github.com/anthonynsimon/bild v0.14.0 h1:IFRkmKdNdqmexXHfEU7rPlAmdUZ8BDZEGtGHDnGWync=
github.com/anthonynsimon/bild v0.14.0/go.mod h1:hcvEAyBjTW69qkKJTfpcDQ83sSZHxwOunsseDfeQhUs=
github.com/go-gl/gl v0.0.0-20231021071112-07e5d0ea2e71 h1:5BVwOaUSBTlVZowGO6VZGw2H/zl9nrd3eCZfYV+NfQA=
github.com/go-gl/gl v0.0.0-20231021071112-07e5d0ea2e71/go.mod h1:9YTyiznxEY1fVinfM7RvRcjRHbw2xLBJ3AAGIT0I4Nw=
github.com/go-gl/mathgl v1.1.0 h1:0lzZ+rntPX3/oGrDzYGdowSLC2ky8Osirvf5uAwfIEA=
github.com/go-gl/mathgl v1.1.0/go.mod h1:yhpkQzEiH9yPyxDUGzkmgScbaBVlhC06qodikEM0ZwQ=
github.com/laher/mergefs v0.1.1 h1:nV2bTS57vrmbMxeR6uvJpI8LyGl3QHj4bLBZO3aUV58=
github.com/laher/mergefs v0.1.1/go.mod h1:FSY1hYy94on4Tz60waRMGdO1awwS23BacqJlqf9lJ9Q=
github.com/matryer/is v1.4.0 h1:sosSmIWwkYITGrxZ25ULNDeKiMNzFSr4V/eqBQP0PeE=
github.com/matryer/is v1.4.0/go.mod h1:8I/i5uYgLzgsgEloJE1U6xx5HkBQpAZvepWuujKwMRU=
golang.org/x/image v0.0.0-20190321063152-3fc05d484e9f/go.mod h1:kZ7UVZpmo3dzQBMxlp+ypCbDeSB+sBbTgSJuh5dn5js=
golang.org/x/image v0.18.0 h1:jGzIakQa/ZXI1I0Fxvaa9W7yP25TqT6cHIHn+6CqvSQ=
golang.org/x/image v0.18.0/go.mod h1:4yyo5vMFQjVjUcVk4jEQcU9MGy/rulF5WvUILseCM2E=
golang.org/x/text v0.3.0/go.mod h1:NqM8EUOU14njkJ3fqMW+pc6Ldnwhi/IjpwHt7yyuwOQ=
